{
  "version": 4,
  "terraform_version": "1.4.4",
  "serial": 15,
  "lineage": "f4fb78bf-15b5-a03a-0808-b8232759ff45",
  "outputs": {},
  "resources": [
    {
      "mode": "data",
      "type": "azurerm_resource_group",
      "name": "ResGroup",
      "provider": "provider[\"registry.terraform.io/hashicorp/azurerm\"]",
      "instances": [
        {
          "schema_version": 0,
          "attributes": {
            "id": "/subscriptions/fb5e8e16-ea56-45cc-88b0-07aa66210f1b/resourceGroups/Alex-RG",
            "location": "eastus",
            "name": "Alex-RG",
            "tags": {},
            "timeouts": null
          },
          "sensitive_attributes": []
        }
      ]
    },
    {
      "mode": "managed",
      "type": "azurerm_app_service_plan",
      "name": "sPlan",
      "provider": "provider[\"registry.terraform.io/hashicorp/azurerm\"]",
      "instances": [
        {
          "schema_version": 0,
          "attributes": {
            "app_service_environment_id": "",
            "id": "/subscriptions/fb5e8e16-ea56-45cc-88b0-07aa66210f1b/resourceGroups/Alex-RG/providers/Microsoft.Web/serverfarms/alex-service-plan-ivan",
            "is_xenon": false,
            "kind": "Windows",
            "location": "eastus",
            "maximum_elastic_worker_count": 1,
            "maximum_number_of_workers": 3,
            "name": "alex-service-plan-ivan",
            "per_site_scaling": false,
            "reserved": false,
            "resource_group_name": "Alex-RG",
            "sku": [
              {
                "capacity": 1,
                "size": "B1",
                "tier": "Basic"
              }
            ],
            "tags": {},
            "timeouts": null,
            "zone_redundant": false
          },
          "sensitive_attributes": [],
          "private": "eyJlMmJmYjczMC1lY2FhLTExZTYtOGY4OC0zNDM2M2JjN2M0YzAiOnsiY3JlYXRlIjozNjAwMDAwMDAwMDAwLCJkZWxldGUiOjM2MDAwMDAwMDAwMDAsInJlYWQiOjMwMDAwMDAwMDAwMCwidXBkYXRlIjozNjAwMDAwMDAwMDAwfX0=",
          "dependencies": [
            "data.azurerm_resource_group.ResGroup"
          ]
        }
      ]
    },
    {
      "mode": "managed",
      "type": "azurerm_cosmosdb_account",
      "name": "db",
      "provider": "provider[\"registry.terraform.io/hashicorp/azurerm\"]",
      "instances": [
        {
          "schema_version": 0,
          "attributes": {
            "access_key_metadata_writes_enabled": true,
            "analytical_storage": [
              {
                "schema_type": "FullFidelity"
              }
            ],
            "analytical_storage_enabled": false,
            "backup": [
              {
                "interval_in_minutes": 240,
                "retention_in_hours": 8,
                "storage_redundancy": "Geo",
                "type": "Periodic"
              }
            ],
            "capabilities": [
              {
                "name": "EnableAggregationPipeline"
              },
              {
                "name": "EnableMongo"
              },
              {
                "name": "MongoDBv3.4"
              },
              {
                "name": "mongoEnableDocLevelTTL"
              }
            ],
            "capacity": [],
            "connection_strings": [
              "mongodb://alexmongodbivan:NbF3Ua1QUXpC1KrO1efNk3f9x9CduTobGGujo16epYvzxktaJ8pvJpmJrsOmgu9Jz5uEvIXkUVDxACDbEfjrag==@alexmongodbivan.mongo.cosmos.azure.com:10255/?ssl=true\u0026replicaSet=globaldb\u0026retrywrites=false\u0026maxIdleTimeMS=120000\u0026appName=@alexmongodbivan@",
              "mongodb://alexmongodbivan:FdZlXLVwZIjuU0y6hfhGlW111aErR4X2q6TfVfzfQCnntv7Q8X3Hlvh3ZKLbjYT4nKRXIEKW6wuqACDbXH2k1Q==@alexmongodbivan.mongo.cosmos.azure.com:10255/?ssl=true\u0026replicaSet=globaldb\u0026retrywrites=false\u0026maxIdleTimeMS=120000\u0026appName=@alexmongodbivan@",
              "mongodb://alexmongodbivan:PnwpfKOGUOQ85jX6wScLvOE8tnpDEg4mUdrwKFqxrpSW2l2Cyp5kqqEoo0S3GuNSijNC18wx177eACDbEU9bBA==@alexmongodbivan.mongo.cosmos.azure.com:10255/?ssl=true\u0026replicaSet=globaldb\u0026retrywrites=false\u0026maxIdleTimeMS=120000\u0026appName=@alexmongodbivan@",
              "mongodb://alexmongodbivan:uw7Nb2h4rJ7cypdTdVhvGA15to30pcCwtC04ZjCThG30fOn2ygN6J5rr6EZ0O8XsnvMJ4sZfixT3ACDbMKviUQ==@alexmongodbivan.mongo.cosmos.azure.com:10255/?ssl=true\u0026replicaSet=globaldb\u0026retrywrites=false\u0026maxIdleTimeMS=120000\u0026appName=@alexmongodbivan@"
            ],
            "consistency_policy": [
              {
                "consistency_level": "BoundedStaleness",
                "max_interval_in_seconds": 300,
                "max_staleness_prefix": 100000
              }
            ],
            "cors_rule": [],
            "create_mode": "",
            "default_identity_type": "FirstPartyIdentity",
            "enable_automatic_failover": true,
            "enable_free_tier": false,
            "enable_multiple_write_locations": false,
            "endpoint": "https://alexmongodbivan.documents.azure.com:443/",
            "geo_location": [
              {
                "failover_priority": 0,
                "id": "alexmongodbivan-westus",
                "location": "westus",
                "prefix": "",
                "zone_redundant": false
              },
              {
                "failover_priority": 1,
                "id": "alexmongodbivan-eastus",
                "location": "eastus",
                "prefix": "",
                "zone_redundant": false
              }
            ],
            "id": "/subscriptions/fb5e8e16-ea56-45cc-88b0-07aa66210f1b/resourceGroups/Alex-RG/providers/Microsoft.DocumentDB/databaseAccounts/alexmongodbivan",
            "identity": [],
            "ip_range_filter": "",
            "is_virtual_network_filter_enabled": false,
            "key_vault_key_id": null,
            "kind": "MongoDB",
            "local_authentication_disabled": false,
            "location": "eastus",
            "mongo_server_version": "3.6",
            "name": "alexmongodbivan",
            "network_acl_bypass_for_azure_services": false,
            "network_acl_bypass_ids": [],
            "offer_type": "Standard",
            "primary_key": "NbF3Ua1QUXpC1KrO1efNk3f9x9CduTobGGujo16epYvzxktaJ8pvJpmJrsOmgu9Jz5uEvIXkUVDxACDbEfjrag==",
            "primary_master_key": "NbF3Ua1QUXpC1KrO1efNk3f9x9CduTobGGujo16epYvzxktaJ8pvJpmJrsOmgu9Jz5uEvIXkUVDxACDbEfjrag==",
            "primary_readonly_key": "PnwpfKOGUOQ85jX6wScLvOE8tnpDEg4mUdrwKFqxrpSW2l2Cyp5kqqEoo0S3GuNSijNC18wx177eACDbEU9bBA==",
            "primary_readonly_master_key": "PnwpfKOGUOQ85jX6wScLvOE8tnpDEg4mUdrwKFqxrpSW2l2Cyp5kqqEoo0S3GuNSijNC18wx177eACDbEU9bBA==",
            "public_network_access_enabled": true,
            "read_endpoints": [
              "https://alexmongodbivan-westus.documents.azure.com:443/",
              "https://alexmongodbivan-eastus.documents.azure.com:443/"
            ],
            "resource_group_name": "Alex-RG",
            "restore": [],
            "secondary_key": "FdZlXLVwZIjuU0y6hfhGlW111aErR4X2q6TfVfzfQCnntv7Q8X3Hlvh3ZKLbjYT4nKRXIEKW6wuqACDbXH2k1Q==",
            "secondary_master_key": "FdZlXLVwZIjuU0y6hfhGlW111aErR4X2q6TfVfzfQCnntv7Q8X3Hlvh3ZKLbjYT4nKRXIEKW6wuqACDbXH2k1Q==",
            "secondary_readonly_key": "uw7Nb2h4rJ7cypdTdVhvGA15to30pcCwtC04ZjCThG30fOn2ygN6J5rr6EZ0O8XsnvMJ4sZfixT3ACDbMKviUQ==",
            "secondary_readonly_master_key": "uw7Nb2h4rJ7cypdTdVhvGA15to30pcCwtC04ZjCThG30fOn2ygN6J5rr6EZ0O8XsnvMJ4sZfixT3ACDbMKviUQ==",
            "tags": {},
            "timeouts": null,
            "virtual_network_rule": [],
            "write_endpoints": [
              "https://alexmongodbivan-westus.documents.azure.com:443/"
            ]
          },
          "sensitive_attributes": [],
          "private": "eyJlMmJmYjczMC1lY2FhLTExZTYtOGY4OC0zNDM2M2JjN2M0YzAiOnsiY3JlYXRlIjoxMDgwMDAwMDAwMDAwMCwiZGVsZXRlIjoxMDgwMDAwMDAwMDAwMCwicmVhZCI6MzAwMDAwMDAwMDAwLCJ1cGRhdGUiOjEwODAwMDAwMDAwMDAwfX0=",
          "dependencies": [
            "data.azurerm_resource_group.ResGroup"
          ]
        }
      ]
    },
    {
      "mode": "managed",
      "type": "azurerm_cosmosdb_mongo_database",
      "name": "db-alex",
      "provider": "provider[\"registry.terraform.io/hashicorp/azurerm\"]",
      "instances": [
        {
          "schema_version": 1,
          "attributes": {
            "account_name": "alexmongodbivan",
            "autoscale_settings": [],
            "id": "/subscriptions/fb5e8e16-ea56-45cc-88b0-07aa66210f1b/resourceGroups/Alex-RG/providers/Microsoft.DocumentDB/databaseAccounts/alexmongodbivan/mongodbDatabases/alex-cosmos-mongo-db",
            "name": "alex-cosmos-mongo-db",
            "resource_group_name": "Alex-RG",
            "throughput": 400,
            "timeouts": null
          },
          "sensitive_attributes": [],
          "private": "eyJlMmJmYjczMC1lY2FhLTExZTYtOGY4OC0zNDM2M2JjN2M0YzAiOnsiY3JlYXRlIjoxODAwMDAwMDAwMDAwLCJkZWxldGUiOjE4MDAwMDAwMDAwMDAsInJlYWQiOjMwMDAwMDAwMDAwMCwidXBkYXRlIjoxODAwMDAwMDAwMDAwfSwic2NoZW1hX3ZlcnNpb24iOiIxIn0=",
          "dependencies": [
            "azurerm_cosmosdb_account.db",
            "data.azurerm_resource_group.ResGroup"
          ]
        }
      ]
    },
    {
      "mode": "managed",
      "type": "azurerm_function_app",
      "name": "example",
      "provider": "provider[\"registry.terraform.io/hashicorp/azurerm\"]",
      "instances": [
        {
          "schema_version": 0,
          "attributes": {
            "app_service_plan_id": "/subscriptions/fb5e8e16-ea56-45cc-88b0-07aa66210f1b/resourceGroups/Alex-RG/providers/Microsoft.Web/serverfarms/alex-service-plan-ivan",
            "app_settings": {
              "COSMOS_DB_NAME": "alex-cosmos-mongo-db",
              "COSMOS_DB_URL": "mongodb://alexmongodbivan:NbF3Ua1QUXpC1KrO1efNk3f9x9CduTobGGujo16epYvzxktaJ8pvJpmJrsOmgu9Jz5uEvIXkUVDxACDbEfjrag==@alexmongodbivan.mongo.cosmos.azure.com:10255/?ssl=true\u0026replicaSet=globaldb\u0026retrywrites=false\u0026maxIdleTimeMS=120000\u0026appName=@alexmongodbivan@"
            },
            "auth_settings": [
              {
                "active_directory": [],
                "additional_login_params": {},
                "allowed_external_redirect_urls": [],
                "default_provider": "",
                "enabled": false,
                "facebook": [],
                "google": [],
                "issuer": "",
                "microsoft": [],
                "runtime_version": "",
                "token_refresh_extension_hours": 0,
                "token_store_enabled": false,
                "twitter": [],
                "unauthenticated_client_action": ""
              }
            ],
            "client_affinity_enabled": false,
            "client_cert_mode": "",
            "connection_string": [],
            "custom_domain_verification_id": "62684FF1C6839908336E2F422D9FB975F5D7319B9B3906367AB7745502B3EDAC",
            "daily_memory_time_quota": 0,
            "default_hostname": "alex-functionapp-container-ivan.azurewebsites.net",
            "enable_builtin_logging": true,
            "enabled": true,
            "https_only": false,
            "id": "/subscriptions/fb5e8e16-ea56-45cc-88b0-07aa66210f1b/resourceGroups/Alex-RG/providers/Microsoft.Web/sites/alex-functionapp-container-ivan",
            "identity": [],
            "key_vault_reference_identity_id": "SystemAssigned",
            "kind": "functionapp",
            "location": "eastus",
            "name": "alex-functionapp-container-ivan",
            "os_type": "",
            "outbound_ip_addresses": "52.224.76.153,52.224.75.240,52.224.76.172,52.224.76.188,52.224.76.220,52.224.76.8,20.119.16.30",
            "possible_outbound_ip_addresses": "52.224.76.153,52.224.75.240,52.224.76.172,52.224.76.188,52.224.76.220,52.224.76.8,52.224.76.232,52.224.76.236,52.224.78.3,52.191.39.246,52.186.166.169,52.224.78.84,52.224.78.102,52.224.78.140,52.224.78.156,52.224.76.29,52.224.78.161,52.224.78.176,52.224.78.182,52.224.78.197,52.224.78.202,52.224.78.211,52.191.35.94,52.224.78.221,52.224.76.202,52.186.163.201,52.224.78.252,52.191.34.232,52.224.79.2,52.224.79.41,20.119.16.30",
            "resource_group_name": "Alex-RG",
            "site_config": [
              {
                "always_on": false,
                "app_scale_limit": 0,
                "auto_swap_slot_name": "",
                "cors": [],
                "dotnet_framework_version": "v4.0",
                "elastic_instance_minimum": 0,
                "ftps_state": "FtpsOnly",
                "health_check_path": "",
                "http2_enabled": false,
                "ip_restriction": [],
                "java_version": "",
                "linux_fx_version": "",
                "min_tls_version": "1.2",
                "pre_warmed_instance_count": 0,
                "runtime_scale_monitoring_enabled": false,
                "scm_ip_restriction": [],
                "scm_type": "None",
                "scm_use_main_ip_restriction": false,
                "use_32_bit_worker_process": true,
                "vnet_route_all_enabled": false,
                "websockets_enabled": false
              }
            ],
            "site_credential": [
              {
                "password": "Cb5555HlTqkZGJvNoEs3Y3414X70mhqx2755HlcxBdae2NGmdh30jldQbd76",
                "username": "$alex-functionapp-container-ivan"
              }
            ],
            "source_control": [
              {
                "branch": "master",
                "manual_integration": false,
                "repo_url": "",
                "rollback_enabled": false,
                "use_mercurial": false
              }
            ],
            "storage_account_access_key": "wsrrvJ0+WDU3O5OFBn46EbkyNrulrxShAm+ski5yams6SIib2evvkM+seaZt373lgRfS6rrERD8u+ASt2HpcPw==",
            "storage_account_name": "alexstorageivan",
            "storage_connection_string": "DefaultEndpointsProtocol=https;AccountName=alexstorageivan;AccountKey=wsrrvJ0+WDU3O5OFBn46EbkyNrulrxShAm+ski5yams6SIib2evvkM+seaZt373lgRfS6rrERD8u+ASt2HpcPw==;EndpointSuffix=core.windows.net",
            "tags": null,
            "timeouts": null,
            "version": "~1"
          },
          "sensitive_attributes": [
            [
              {
                "type": "get_attr",
                "value": "storage_account_access_key"
              }
            ],
            [
              {
                "type": "get_attr",
                "value": "app_settings"
              },
              {
                "type": "index",
                "value": {
                  "value": "COSMOS_DB_URL",
                  "type": "string"
                }
              }
            ]
          ],
          "private": "eyJlMmJmYjczMC1lY2FhLTExZTYtOGY4OC0zNDM2M2JjN2M0YzAiOnsiY3JlYXRlIjoxODAwMDAwMDAwMDAwLCJkZWxldGUiOjE4MDAwMDAwMDAwMDAsInJlYWQiOjMwMDAwMDAwMDAwMCwidXBkYXRlIjoxODAwMDAwMDAwMDAwfX0=",
          "dependencies": [
            "azurerm_app_service_plan.sPlan",
            "azurerm_cosmosdb_account.db",
            "azurerm_cosmosdb_mongo_database.db-alex",
            "azurerm_storage_account.StorAccount1",
            "data.azurerm_resource_group.ResGroup"
          ]
        }
      ]
    },
    {
      "mode": "managed",
      "type": "azurerm_storage_account",
      "name": "StorAccount1",
      "provider": "provider[\"registry.terraform.io/hashicorp/azurerm\"]",
      "instances": [
        {
          "schema_version": 2,
          "attributes": {
            "access_tier": "Hot",
            "account_kind": "StorageV2",
            "account_replication_type": "LRS",
            "account_tier": "Standard",
            "allow_blob_public_access": false,
            "azure_files_authentication": [],
            "blob_properties": [
              {
                "change_feed_enabled": false,
                "container_delete_retention_policy": [],
                "cors_rule": [],
                "default_service_version": "",
                "delete_retention_policy": [],
                "last_access_time_enabled": false,
                "versioning_enabled": false
              }
            ],
            "custom_domain": [],
            "enable_https_traffic_only": true,
            "id": "/subscriptions/fb5e8e16-ea56-45cc-88b0-07aa66210f1b/resourceGroups/Alex-RG/providers/Microsoft.Storage/storageAccounts/alexstorageivan",
            "identity": [],
            "infrastructure_encryption_enabled": false,
            "is_hns_enabled": false,
            "large_file_share_enabled": null,
            "location": "eastus",
            "min_tls_version": "TLS1_0",
            "name": "alexstorageivan",
            "network_rules": [
              {
                "bypass": [
                  "AzureServices"
                ],
                "default_action": "Allow",
                "ip_rules": [],
                "private_link_access": [],
                "virtual_network_subnet_ids": []
              }
            ],
            "nfsv3_enabled": false,
            "primary_access_key": "wsrrvJ0+WDU3O5OFBn46EbkyNrulrxShAm+ski5yams6SIib2evvkM+seaZt373lgRfS6rrERD8u+ASt2HpcPw==",
            "primary_blob_connection_string": "DefaultEndpointsProtocol=https;BlobEndpoint=https://alexstorageivan.blob.core.windows.net/;AccountName=alexstorageivan;AccountKey=wsrrvJ0+WDU3O5OFBn46EbkyNrulrxShAm+ski5yams6SIib2evvkM+seaZt373lgRfS6rrERD8u+ASt2HpcPw==",
            "primary_blob_endpoint": "https://alexstorageivan.blob.core.windows.net/",
            "primary_blob_host": "alexstorageivan.blob.core.windows.net",
            "primary_connection_string": "DefaultEndpointsProtocol=https;AccountName=alexstorageivan;AccountKey=wsrrvJ0+WDU3O5OFBn46EbkyNrulrxShAm+ski5yams6SIib2evvkM+seaZt373lgRfS6rrERD8u+ASt2HpcPw==;EndpointSuffix=core.windows.net",
            "primary_dfs_endpoint": "https://alexstorageivan.dfs.core.windows.net/",
            "primary_dfs_host": "alexstorageivan.dfs.core.windows.net",
            "primary_file_endpoint": "https://alexstorageivan.file.core.windows.net/",
            "primary_file_host": "alexstorageivan.file.core.windows.net",
            "primary_location": "eastus",
            "primary_queue_endpoint": "https://alexstorageivan.queue.core.windows.net/",
            "primary_queue_host": "alexstorageivan.queue.core.windows.net",
            "primary_table_endpoint": "https://alexstorageivan.table.core.windows.net/",
            "primary_table_host": "alexstorageivan.table.core.windows.net",
            "primary_web_endpoint": "https://alexstorageivan.z13.web.core.windows.net/",
            "primary_web_host": "alexstorageivan.z13.web.core.windows.net",
            "queue_encryption_key_type": "Service",
            "queue_properties": [
              {
                "cors_rule": [],
                "hour_metrics": [
                  {
                    "enabled": true,
                    "include_apis": true,
                    "retention_policy_days": 7,
                    "version": "1.0"
                  }
                ],
                "logging": [
                  {
                    "delete": false,
                    "read": false,
                    "retention_policy_days": 0,
                    "version": "1.0",
                    "write": false
                  }
                ],
                "minute_metrics": [
                  {
                    "enabled": false,
                    "include_apis": false,
                    "retention_policy_days": 0,
                    "version": "1.0"
                  }
                ]
              }
            ],
            "resource_group_name": "Alex-RG",
            "routing": [],
            "secondary_access_key": "VNipKNH2JhnFUu/ZaF/FgOdaKS3LFnbUP2keCYRUD2PjQAEka478mYwxZLp5Lw6ldUFBUhoRhrwb+AStRBzsyw==",
            "secondary_blob_connection_string": "",
            "secondary_blob_endpoint": null,
            "secondary_blob_host": null,
            "secondary_connection_string": "DefaultEndpointsProtocol=https;AccountName=alexstorageivan;AccountKey=VNipKNH2JhnFUu/ZaF/FgOdaKS3LFnbUP2keCYRUD2PjQAEka478mYwxZLp5Lw6ldUFBUhoRhrwb+AStRBzsyw==;EndpointSuffix=core.windows.net",
            "secondary_dfs_endpoint": null,
            "secondary_dfs_host": null,
            "secondary_file_endpoint": null,
            "secondary_file_host": null,
            "secondary_location": "",
            "secondary_queue_endpoint": null,
            "secondary_queue_host": null,
            "secondary_table_endpoint": null,
            "secondary_table_host": null,
            "secondary_web_endpoint": null,
            "secondary_web_host": null,
            "share_properties": [
              {
                "cors_rule": [],
                "retention_policy": [
                  {
                    "days": 7
                  }
                ],
                "smb": []
              }
            ],
            "shared_access_key_enabled": true,
            "static_website": [],
            "table_encryption_key_type": "Service",
            "tags": {},
            "timeouts": null
          },
          "sensitive_attributes": [],
          "private": "eyJlMmJmYjczMC1lY2FhLTExZTYtOGY4OC0zNDM2M2JjN2M0YzAiOnsiY3JlYXRlIjozNjAwMDAwMDAwMDAwLCJkZWxldGUiOjM2MDAwMDAwMDAwMDAsInJlYWQiOjMwMDAwMDAwMDAwMCwidXBkYXRlIjozNjAwMDAwMDAwMDAwfSwic2NoZW1hX3ZlcnNpb24iOiIyIn0=",
          "dependencies": [
            "data.azurerm_resource_group.ResGroup"
          ]
        }
      ]
    },
    {
      "mode": "managed",
      "type": "azurerm_storage_container",
      "name": "Input",
      "provider": "provider[\"registry.terraform.io/hashicorp/azurerm\"]",
      "instances": [
        {
          "schema_version": 1,
          "attributes": {
            "container_access_type": "private",
            "has_immutability_policy": false,
            "has_legal_hold": false,
            "id": "https://alexstorageivan.blob.core.windows.net/input",
            "metadata": {},
            "name": "input",
            "resource_manager_id": "/subscriptions/fb5e8e16-ea56-45cc-88b0-07aa66210f1b/resourceGroups/Alex-RG/providers/Microsoft.Storage/storageAccounts/alexstorageivan/blobServices/default/containers/input",
            "storage_account_name": "alexstorageivan",
            "timeouts": null
          },
          "sensitive_attributes": [],
          "private": "eyJlMmJmYjczMC1lY2FhLTExZTYtOGY4OC0zNDM2M2JjN2M0YzAiOnsiY3JlYXRlIjoxODAwMDAwMDAwMDAwLCJkZWxldGUiOjE4MDAwMDAwMDAwMDAsInJlYWQiOjMwMDAwMDAwMDAwMCwidXBkYXRlIjoxODAwMDAwMDAwMDAwfSwic2NoZW1hX3ZlcnNpb24iOiIxIn0=",
          "dependencies": [
            "azurerm_storage_account.StorAccount1",
            "data.azurerm_resource_group.ResGroup"
          ]
        }
      ]
    }
  ],
  "check_results": null
}
