{
  "version": 4,
  "terraform_version": "1.4.4",
  "serial": 12,
  "lineage": "f4fb78bf-15b5-a03a-0808-b8232759ff45",
  "outputs": {},
  "resources": [
    {
      "mode": "data",
      "type": "azurerm_resource_group",
      "name": "ResGroup",
      "provider": "provider[\"registry.terraform.io/hashicorp/azurerm\"]",
      "instances": [
        {
          "schema_version": 0,
          "attributes": {
            "id": "/subscriptions/fb5e8e16-ea56-45cc-88b0-07aa66210f1b/resourceGroups/Alex-RG",
            "location": "eastus",
            "name": "Alex-RG",
            "tags": {},
            "timeouts": null
          },
          "sensitive_attributes": []
        }
      ]
    },
    {
      "mode": "managed",
      "type": "azurerm_app_service_plan",
      "name": "sPlan",
      "provider": "provider[\"registry.terraform.io/hashicorp/azurerm\"]",
      "instances": [
        {
          "schema_version": 0,
          "attributes": {
            "app_service_environment_id": "",
            "id": "/subscriptions/fb5e8e16-ea56-45cc-88b0-07aa66210f1b/resourceGroups/Alex-RG/providers/Microsoft.Web/serverfarms/alex-service-plan-ivan",
            "is_xenon": false,
            "kind": "Windows",
            "location": "eastus",
            "maximum_elastic_worker_count": 1,
            "maximum_number_of_workers": 1,
            "name": "alex-service-plan-ivan",
            "per_site_scaling": false,
            "reserved": false,
            "resource_group_name": "Alex-RG",
            "sku": [
              {
                "capacity": 0,
                "size": "F1",
                "tier": "Free"
              }
            ],
            "tags": {},
            "timeouts": null,
            "zone_redundant": false
          },
          "sensitive_attributes": [],
          "private": "eyJlMmJmYjczMC1lY2FhLTExZTYtOGY4OC0zNDM2M2JjN2M0YzAiOnsiY3JlYXRlIjozNjAwMDAwMDAwMDAwLCJkZWxldGUiOjM2MDAwMDAwMDAwMDAsInJlYWQiOjMwMDAwMDAwMDAwMCwidXBkYXRlIjozNjAwMDAwMDAwMDAwfX0=",
          "dependencies": [
            "data.azurerm_resource_group.ResGroup"
          ]
        }
      ]
    },
    {
      "mode": "managed",
      "type": "azurerm_cosmosdb_account",
      "name": "db",
      "provider": "provider[\"registry.terraform.io/hashicorp/azurerm\"]",
      "instances": [
        {
          "schema_version": 0,
          "attributes": {
            "access_key_metadata_writes_enabled": true,
            "analytical_storage": [
              {
                "schema_type": "FullFidelity"
              }
            ],
            "analytical_storage_enabled": false,
            "backup": [
              {
                "interval_in_minutes": 240,
                "retention_in_hours": 8,
                "storage_redundancy": "Geo",
                "type": "Periodic"
              }
            ],
            "capabilities": [
              {
                "name": "EnableAggregationPipeline"
              },
              {
                "name": "EnableMongo"
              },
              {
                "name": "MongoDBv3.4"
              },
              {
                "name": "mongoEnableDocLevelTTL"
              }
            ],
            "capacity": [],
            "connection_strings": [
              "mongodb://alexmongodbivan:NbF3Ua1QUXpC1KrO1efNk3f9x9CduTobGGujo16epYvzxktaJ8pvJpmJrsOmgu9Jz5uEvIXkUVDxACDbEfjrag==@alexmongodbivan.mongo.cosmos.azure.com:10255/?ssl=true\u0026replicaSet=globaldb\u0026retrywrites=false\u0026maxIdleTimeMS=120000\u0026appName=@alexmongodbivan@",
              "mongodb://alexmongodbivan:FdZlXLVwZIjuU0y6hfhGlW111aErR4X2q6TfVfzfQCnntv7Q8X3Hlvh3ZKLbjYT4nKRXIEKW6wuqACDbXH2k1Q==@alexmongodbivan.mongo.cosmos.azure.com:10255/?ssl=true\u0026replicaSet=globaldb\u0026retrywrites=false\u0026maxIdleTimeMS=120000\u0026appName=@alexmongodbivan@",
              "mongodb://alexmongodbivan:PnwpfKOGUOQ85jX6wScLvOE8tnpDEg4mUdrwKFqxrpSW2l2Cyp5kqqEoo0S3GuNSijNC18wx177eACDbEU9bBA==@alexmongodbivan.mongo.cosmos.azure.com:10255/?ssl=true\u0026replicaSet=globaldb\u0026retrywrites=false\u0026maxIdleTimeMS=120000\u0026appName=@alexmongodbivan@",
              "mongodb://alexmongodbivan:uw7Nb2h4rJ7cypdTdVhvGA15to30pcCwtC04ZjCThG30fOn2ygN6J5rr6EZ0O8XsnvMJ4sZfixT3ACDbMKviUQ==@alexmongodbivan.mongo.cosmos.azure.com:10255/?ssl=true\u0026replicaSet=globaldb\u0026retrywrites=false\u0026maxIdleTimeMS=120000\u0026appName=@alexmongodbivan@"
            ],
            "consistency_policy": [
              {
                "consistency_level": "BoundedStaleness",
                "max_interval_in_seconds": 300,
                "max_staleness_prefix": 100000
              }
            ],
            "cors_rule": [],
            "create_mode": "",
            "default_identity_type": "FirstPartyIdentity",
            "enable_automatic_failover": true,
            "enable_free_tier": false,
            "enable_multiple_write_locations": false,
            "endpoint": "https://alexmongodbivan.documents.azure.com:443/",
            "geo_location": [
              {
                "failover_priority": 0,
                "id": "alexmongodbivan-westus",
                "location": "westus",
                "prefix": "",
                "zone_redundant": false
              },
              {
                "failover_priority": 1,
                "id": "alexmongodbivan-eastus",
                "location": "eastus",
                "prefix": "",
                "zone_redundant": false
              }
            ],
            "id": "/subscriptions/fb5e8e16-ea56-45cc-88b0-07aa66210f1b/resourceGroups/Alex-RG/providers/Microsoft.DocumentDB/databaseAccounts/alexmongodbivan",
            "identity": [],
            "ip_range_filter": "",
            "is_virtual_network_filter_enabled": false,
            "key_vault_key_id": null,
            "kind": "MongoDB",
            "local_authentication_disabled": false,
            "location": "eastus",
            "mongo_server_version": "3.6",
            "name": "alexmongodbivan",
            "network_acl_bypass_for_azure_services": false,
            "network_acl_bypass_ids": [],
            "offer_type": "Standard",
            "primary_key": "NbF3Ua1QUXpC1KrO1efNk3f9x9CduTobGGujo16epYvzxktaJ8pvJpmJrsOmgu9Jz5uEvIXkUVDxACDbEfjrag==",
            "primary_master_key": "NbF3Ua1QUXpC1KrO1efNk3f9x9CduTobGGujo16epYvzxktaJ8pvJpmJrsOmgu9Jz5uEvIXkUVDxACDbEfjrag==",
            "primary_readonly_key": "PnwpfKOGUOQ85jX6wScLvOE8tnpDEg4mUdrwKFqxrpSW2l2Cyp5kqqEoo0S3GuNSijNC18wx177eACDbEU9bBA==",
            "primary_readonly_master_key": "PnwpfKOGUOQ85jX6wScLvOE8tnpDEg4mUdrwKFqxrpSW2l2Cyp5kqqEoo0S3GuNSijNC18wx177eACDbEU9bBA==",
            "public_network_access_enabled": true,
            "read_endpoints": [
              "https://alexmongodbivan-westus.documents.azure.com:443/",
              "https://alexmongodbivan-eastus.documents.azure.com:443/"
            ],
            "resource_group_name": "Alex-RG",
            "restore": [],
            "secondary_key": "FdZlXLVwZIjuU0y6hfhGlW111aErR4X2q6TfVfzfQCnntv7Q8X3Hlvh3ZKLbjYT4nKRXIEKW6wuqACDbXH2k1Q==",
            "secondary_master_key": "FdZlXLVwZIjuU0y6hfhGlW111aErR4X2q6TfVfzfQCnntv7Q8X3Hlvh3ZKLbjYT4nKRXIEKW6wuqACDbXH2k1Q==",
            "secondary_readonly_key": "uw7Nb2h4rJ7cypdTdVhvGA15to30pcCwtC04ZjCThG30fOn2ygN6J5rr6EZ0O8XsnvMJ4sZfixT3ACDbMKviUQ==",
            "secondary_readonly_master_key": "uw7Nb2h4rJ7cypdTdVhvGA15to30pcCwtC04ZjCThG30fOn2ygN6J5rr6EZ0O8XsnvMJ4sZfixT3ACDbMKviUQ==",
            "tags": {},
            "timeouts": null,
            "virtual_network_rule": [],
            "write_endpoints": [
              "https://alexmongodbivan-westus.documents.azure.com:443/"
            ]
          },
          "sensitive_attributes": [],
          "private": "eyJlMmJmYjczMC1lY2FhLTExZTYtOGY4OC0zNDM2M2JjN2M0YzAiOnsiY3JlYXRlIjoxMDgwMDAwMDAwMDAwMCwiZGVsZXRlIjoxMDgwMDAwMDAwMDAwMCwicmVhZCI6MzAwMDAwMDAwMDAwLCJ1cGRhdGUiOjEwODAwMDAwMDAwMDAwfX0=",
          "dependencies": [
            "data.azurerm_resource_group.ResGroup"
          ]
        }
      ]
    },
    {
      "mode": "managed",
      "type": "azurerm_cosmosdb_mongo_database",
      "name": "db-alex",
      "provider": "provider[\"registry.terraform.io/hashicorp/azurerm\"]",
      "instances": [
        {
          "schema_version": 1,
          "attributes": {
            "account_name": "alexmongodbivan",
            "autoscale_settings": [],
            "id": "/subscriptions/fb5e8e16-ea56-45cc-88b0-07aa66210f1b/resourceGroups/Alex-RG/providers/Microsoft.DocumentDB/databaseAccounts/alexmongodbivan/mongodbDatabases/alex-cosmos-mongo-db",
            "name": "alex-cosmos-mongo-db",
            "resource_group_name": "Alex-RG",
            "throughput": 400,
            "timeouts": null
          },
          "sensitive_attributes": [],
          "private": "eyJlMmJmYjczMC1lY2FhLTExZTYtOGY4OC0zNDM2M2JjN2M0YzAiOnsiY3JlYXRlIjoxODAwMDAwMDAwMDAwLCJkZWxldGUiOjE4MDAwMDAwMDAwMDAsInJlYWQiOjMwMDAwMDAwMDAwMCwidXBkYXRlIjoxODAwMDAwMDAwMDAwfSwic2NoZW1hX3ZlcnNpb24iOiIxIn0=",
          "dependencies": [
            "azurerm_cosmosdb_account.db",
            "data.azurerm_resource_group.ResGroup"
          ]
        }
      ]
    },
    {
      "mode": "managed",
      "type": "azurerm_storage_account",
      "name": "StorAccount1",
      "provider": "provider[\"registry.terraform.io/hashicorp/azurerm\"]",
      "instances": [
        {
          "schema_version": 2,
          "attributes": {
            "access_tier": "Hot",
            "account_kind": "StorageV2",
            "account_replication_type": "LRS",
            "account_tier": "Standard",
            "allow_blob_public_access": false,
            "azure_files_authentication": [],
            "blob_properties": [
              {
                "change_feed_enabled": false,
                "container_delete_retention_policy": [],
                "cors_rule": [],
                "default_service_version": "",
                "delete_retention_policy": [],
                "last_access_time_enabled": false,
                "versioning_enabled": false
              }
            ],
            "custom_domain": [],
            "enable_https_traffic_only": true,
            "id": "/subscriptions/fb5e8e16-ea56-45cc-88b0-07aa66210f1b/resourceGroups/Alex-RG/providers/Microsoft.Storage/storageAccounts/alexstorageivan",
            "identity": [],
            "infrastructure_encryption_enabled": false,
            "is_hns_enabled": false,
            "large_file_share_enabled": null,
            "location": "eastus",
            "min_tls_version": "TLS1_0",
            "name": "alexstorageivan",
            "network_rules": [
              {
                "bypass": [
                  "AzureServices"
                ],
                "default_action": "Allow",
                "ip_rules": [],
                "private_link_access": [],
                "virtual_network_subnet_ids": []
              }
            ],
            "nfsv3_enabled": false,
            "primary_access_key": "wsrrvJ0+WDU3O5OFBn46EbkyNrulrxShAm+ski5yams6SIib2evvkM+seaZt373lgRfS6rrERD8u+ASt2HpcPw==",
            "primary_blob_connection_string": "DefaultEndpointsProtocol=https;BlobEndpoint=https://alexstorageivan.blob.core.windows.net/;AccountName=alexstorageivan;AccountKey=wsrrvJ0+WDU3O5OFBn46EbkyNrulrxShAm+ski5yams6SIib2evvkM+seaZt373lgRfS6rrERD8u+ASt2HpcPw==",
            "primary_blob_endpoint": "https://alexstorageivan.blob.core.windows.net/",
            "primary_blob_host": "alexstorageivan.blob.core.windows.net",
            "primary_connection_string": "DefaultEndpointsProtocol=https;AccountName=alexstorageivan;AccountKey=wsrrvJ0+WDU3O5OFBn46EbkyNrulrxShAm+ski5yams6SIib2evvkM+seaZt373lgRfS6rrERD8u+ASt2HpcPw==;EndpointSuffix=core.windows.net",
            "primary_dfs_endpoint": "https://alexstorageivan.dfs.core.windows.net/",
            "primary_dfs_host": "alexstorageivan.dfs.core.windows.net",
            "primary_file_endpoint": "https://alexstorageivan.file.core.windows.net/",
            "primary_file_host": "alexstorageivan.file.core.windows.net",
            "primary_location": "eastus",
            "primary_queue_endpoint": "https://alexstorageivan.queue.core.windows.net/",
            "primary_queue_host": "alexstorageivan.queue.core.windows.net",
            "primary_table_endpoint": "https://alexstorageivan.table.core.windows.net/",
            "primary_table_host": "alexstorageivan.table.core.windows.net",
            "primary_web_endpoint": "https://alexstorageivan.z13.web.core.windows.net/",
            "primary_web_host": "alexstorageivan.z13.web.core.windows.net",
            "queue_encryption_key_type": "Service",
            "queue_properties": [
              {
                "cors_rule": [],
                "hour_metrics": [
                  {
                    "enabled": true,
                    "include_apis": true,
                    "retention_policy_days": 7,
                    "version": "1.0"
                  }
                ],
                "logging": [
                  {
                    "delete": false,
                    "read": false,
                    "retention_policy_days": 0,
                    "version": "1.0",
                    "write": false
                  }
                ],
                "minute_metrics": [
                  {
                    "enabled": false,
                    "include_apis": false,
                    "retention_policy_days": 0,
                    "version": "1.0"
                  }
                ]
              }
            ],
            "resource_group_name": "Alex-RG",
            "routing": [],
            "secondary_access_key": "VNipKNH2JhnFUu/ZaF/FgOdaKS3LFnbUP2keCYRUD2PjQAEka478mYwxZLp5Lw6ldUFBUhoRhrwb+AStRBzsyw==",
            "secondary_blob_connection_string": "",
            "secondary_blob_endpoint": null,
            "secondary_blob_host": null,
            "secondary_connection_string": "DefaultEndpointsProtocol=https;AccountName=alexstorageivan;AccountKey=VNipKNH2JhnFUu/ZaF/FgOdaKS3LFnbUP2keCYRUD2PjQAEka478mYwxZLp5Lw6ldUFBUhoRhrwb+AStRBzsyw==;EndpointSuffix=core.windows.net",
            "secondary_dfs_endpoint": null,
            "secondary_dfs_host": null,
            "secondary_file_endpoint": null,
            "secondary_file_host": null,
            "secondary_location": "",
            "secondary_queue_endpoint": null,
            "secondary_queue_host": null,
            "secondary_table_endpoint": null,
            "secondary_table_host": null,
            "secondary_web_endpoint": null,
            "secondary_web_host": null,
            "share_properties": [
              {
                "cors_rule": [],
                "retention_policy": [
                  {
                    "days": 7
                  }
                ],
                "smb": []
              }
            ],
            "shared_access_key_enabled": true,
            "static_website": [],
            "table_encryption_key_type": "Service",
            "tags": {},
            "timeouts": null
          },
          "sensitive_attributes": [],
          "private": "eyJlMmJmYjczMC1lY2FhLTExZTYtOGY4OC0zNDM2M2JjN2M0YzAiOnsiY3JlYXRlIjozNjAwMDAwMDAwMDAwLCJkZWxldGUiOjM2MDAwMDAwMDAwMDAsInJlYWQiOjMwMDAwMDAwMDAwMCwidXBkYXRlIjozNjAwMDAwMDAwMDAwfSwic2NoZW1hX3ZlcnNpb24iOiIyIn0=",
          "dependencies": [
            "data.azurerm_resource_group.ResGroup"
          ]
        }
      ]
    },
    {
      "mode": "managed",
      "type": "azurerm_storage_container",
      "name": "Input",
      "provider": "provider[\"registry.terraform.io/hashicorp/azurerm\"]",
      "instances": [
        {
          "schema_version": 1,
          "attributes": {
            "container_access_type": "private",
            "has_immutability_policy": false,
            "has_legal_hold": false,
            "id": "https://alexstorageivan.blob.core.windows.net/input",
            "metadata": {},
            "name": "input",
            "resource_manager_id": "/subscriptions/fb5e8e16-ea56-45cc-88b0-07aa66210f1b/resourceGroups/Alex-RG/providers/Microsoft.Storage/storageAccounts/alexstorageivan/blobServices/default/containers/input",
            "storage_account_name": "alexstorageivan",
            "timeouts": null
          },
          "sensitive_attributes": [],
          "private": "eyJlMmJmYjczMC1lY2FhLTExZTYtOGY4OC0zNDM2M2JjN2M0YzAiOnsiY3JlYXRlIjoxODAwMDAwMDAwMDAwLCJkZWxldGUiOjE4MDAwMDAwMDAwMDAsInJlYWQiOjMwMDAwMDAwMDAwMCwidXBkYXRlIjoxODAwMDAwMDAwMDAwfSwic2NoZW1hX3ZlcnNpb24iOiIxIn0=",
          "dependencies": [
            "azurerm_storage_account.StorAccount1",
            "data.azurerm_resource_group.ResGroup"
          ]
        }
      ]
    }
  ],
  "check_results": null
}
